uuid: 9e35de2b-91ed-4cad-9959-fd7d304cc902
langcode: ru
status: true
dependencies:
  content:
    - 'block_content:basic:670d53a1-b491-4cc4-909b-75c75db00c65'
  module:
    - block_content
    - system
  theme:
    - kind_tan
id: hero_block
theme: kind_tan
region: content
weight: -3
provider: null
plugin: 'block_content:670d53a1-b491-4cc4-909b-75c75db00c65'
settings:
  id: 'block_content:670d53a1-b491-4cc4-909b-75c75db00c65'
  label: 'Hero block'
  label_display: '0'
  provider: block_content
  status: true
  info: ''
  view_mode: full
visibility:
  request_path:
    id: request_path
    negate: false
    pages: '<front>'
