uuid: c8f77929-d99e-4cfa-9ad7-23136f57fce8
langcode: ru
status: true
dependencies:
  content:
    - 'block_content:basic:d38e3291-2f7f-40e3-9680-0ef209da28de'
  module:
    - block_content
    - system
  theme:
    - kind_tan
id: banner_block
theme: kind_tan
region: content
weight: -3
provider: null
plugin: 'block_content:d38e3291-2f7f-40e3-9680-0ef209da28de'
settings:
  id: 'block_content:d38e3291-2f7f-40e3-9680-0ef209da28de'
  label: 'Banner block'
  label_display: '0'
  provider: block_content
  status: true
  info: ''
  view_mode: full
visibility:
  request_path:
    id: request_path
    negate: false
    pages: '<front>'
