uuid: 2d09efe6-dcff-4c85-84d8-d833cf9e4226
langcode: ru
status: true
dependencies:
  content:
    - 'block_content:basic:bfee789d-e39e-44f5-ae13-6010753a8d51'
  module:
    - block_content
    - system
    - user
  theme:
    - kind_tan
id: events_map_block
theme: kind_tan
region: content
weight: 0
provider: null
plugin: 'block_content:bfee789d-e39e-44f5-ae13-6010753a8d51'
settings:
  id: 'block_content:bfee789d-e39e-44f5-ae13-6010753a8d51'
  label: 'Карта мероприятий'
  label_display: visible
  provider: block_content
  status: true
  info: ''
  view_mode: full
visibility:
  request_path:
    id: request_path
    negate: false
    pages: '<front>'
  user_role:
    id: user_role
    negate: false
    context_mapping:
      user: '@user.current_user_context:current_user'
    roles:
      administrator: administrator
