uuid: e0f07744-e18a-446d-a1ea-cf3b6fd20365
langcode: ru
status: true
dependencies:
  content:
    - 'block_content:basic:056228a8-ceb2-4e94-ac89-a123d3552cc6'
  module:
    - block_content
    - system
  theme:
    - kind_tan
id: events_map_block
theme: kind_tan
region: content
weight: 0
provider: null
plugin: 'block_content:056228a8-ceb2-4e94-ac89-a123d3552cc6'
settings:
  id: 'block_content:056228a8-ceb2-4e94-ac89-a123d3552cc6'
  label: 'Карта мероприятий'
  label_display: visible
  provider: block_content
  status: true
  info: ''
  view_mode: full
visibility:
  request_path:
    id: request_path
    negate: false
    pages: '<front>'
