uuid: 1ecac4dc-411f-4199-a71e-349a02cd421d
langcode: ru
status: true
dependencies:
  module:
    - custom_blocks
    - system
  theme:
    - kind_tan
id: events_map_block
theme: kind_tan
region: content
weight: 0
provider: null
plugin: districts_events_block
settings:
  id: districts_events_block
  label: 'Карта мероприятий'
  label_display: visible
  provider: custom_blocks
visibility:
  request_path:
    id: request_path
    negate: false
    pages: '<front>'
