uuid: 3f4c5f76-d76b-4cdb-a853-bcf7977065d5
langcode: ru
status: true
dependencies:
  module:
    - custom_blocks
    - system
  theme:
    - kind_tan
id: events_list_block
theme: kind_tan
region: content
weight: -1
provider: null
plugin: districts_events_list_block
settings:
  id: districts_events_list_block
  label: 'Список мероприятий'
  label_display: visible
  provider: custom_blocks
visibility:
  request_path:
    id: request_path
    negate: false
    pages: '<front>'
