uuid: 28206a10-7ce4-457d-b6e1-113ec0957c56
langcode: ru
status: true
dependencies:
  content:
    - 'block_content:basic:86b3303a-e583-49df-b37c-dd4d0a98cc46'
  module:
    - block_content
    - system
  theme:
    - kind_tan
id: camp_selection_block
theme: kind_tan
region: content
weight: -4
provider: null
plugin: 'block_content:86b3303a-e583-49df-b37c-dd4d0a98cc46'
settings:
  id: 'block_content:86b3303a-e583-49df-b37c-dd4d0a98cc46'
  label: 'Подбор лагеря'
  label_display: visible
  provider: block_content
  status: true
  info: ''
  view_mode: full
visibility:
  request_path:
    id: request_path
    negate: false
    pages: '<front>'
